lockfileVersion: '9.0'

settings:
  autoInstallPeers: true
  excludeLinksFromLockfile: false

importers:

  .:
    dependencies:
      '@tiptap/core':
        specifier: ^3.31.3
        version: 3.31.3(@tiptap/pm@3.31.3)
      '@tiptap/extensions':
        specifier: ^3.31.3
        version: 3.31.3(@tiptap/core@3.31.3(@tiptap/pm@3.31.3))(@tiptap/pm@3.31.3)
      '@tiptap/pm':
        specifier: ^3.31.3
        version: 3.31.3
      '@tiptap/react':
        specifier: ^3.31.3
        version: 3.31.3(@floating-ui/dom@1.8.0)(@tiptap/core@3.31.3(@tiptap/pm@3.31.3))(@tiptap/pm@3.31.3)(@types/react-dom@19.3.0(@types/react@19.3.0))(@types/react@19.3.0)(react-dom@19.3.0(react@19.3.0))(react@19.3.0)
      '@tiptap/starter-kit':
        specifier: ^3.31.3
        version: 3.31.3
      jspdf:
        specifier: ^4.2.1
        version: 4.2.1
      react:
        specifier: ^19.3.0
        version: 19.3.0
      react-dom:
        specifier: ^19.3.0
        version: 19.3.0(react@19.3.0)
      zustand:
        specifier: ^5.0.15
        version: 5.0.15(@types/react@19.3.0)(react@19.3.0)(use-sync-external-store@1.7.0(react@19.3.0))
    devDependencies:
      '@rspack/cli':
        specifier: ^2.2.8
        version: 2.2.8(@rspack/core@2.2.8)(@rspack/dev-server@2.2.1(@rspack/core@2.2.8))
      '@rspack/core':
        specifier: ^2.2.8
        version: 2.2.8
      '@rspack/dev-server':
        specifier: ^2.2.1
        version: 2.2.1(@rspack/core@2.2.8)

packages:

  '@babel/runtime@7.29.7':
    resolution: {integrity: sha512-Nq8OhGWiZIZGV6hLHoyAKLLcJihP/xFeBMGJoUrxTX2psI8dCifzLhZISFb+VWS3wFMRDmCGw5R+dOySCqPLhw==}
    engines: {node: '>=6.9.0'}

  '@emnapi/core@1.11.3':
    resolution: {integrity: sha512-zLpS5asjEb7lq8jYLq37N6XKaE41DIexlY1rF/z4/tIl3wo13Sqm28fRyfIsKZD+NZ8mM5RoKkpW/rBcuoSZSg==}

  '@emnapi/runtime@1.11.3':
    resolution: {integrity: sha512-Xz4Tpyki7XyrpbUK1jR1AhdAdaXyhhY4lZ3neLodmhpuWfy2PAQN5B46sAiU4liOXGLkHypn/qU+jvfWSCYYLA==}

  '@emnapi/wasi-threads@1.2.3':
    resolution: {integrity: sha512-ELEBe8PsLvvJ6QMr0zLt8ffvOHW/dc1m3CEzNMg7aJUv3bMaoDtw2TXyDAwkYBuroxxuHEwhRTLJSe5sya547g==}

  '@floating-ui/core@1.8.0':
    resolution: {integrity: sha512-0CIZ5itps/8x7BG8dEIhs53BvCUH2PCoogtakwRTut+Arm58sJooJ0AuZhLw2HJYIR5cMLNPBSS728sPho2khQ==}

  '@floating-ui/dom@1.8.0':
    resolution: {integrity: sha512-yXSrzeHZBTZadLOlfyhCkJHNeLJnHRnRInwdZ40L7ZiaAtrBwoYlsDrX3v5zB1Utk7CLfzcOVnVVWoXEky7Ceg==}

  '@floating-ui/utils@0.2.12':
    resolution: {integrity: sha512-HpCo8tmWzLVad5s2d19EhAz5zqrrQ6s69qd6moPMQvkOuSwDT1YgRfWSVuc4ennqrgv3OHppiOGMQ7oC13yIww==}

  '@napi-rs/wasm-runtime@1.1.6':
    resolution: {integrity: sha512-ZLv/JdUfkvOy9eCnnBaGfiO+XimbjebAeO+MRQqD/B+FR1tnRN0tpKSJHRbE8sFfS6aqsXZ67TQjfwfsxULVbg==}
    peerDependencies:
      '@emnapi/core': ^1.7.1
      '@emnapi/runtime': ^1.7.1

  '@rspack/binding-darwin-arm64@2.2.8':
    resolution: {integrity: sha512-d6GuY/k7kJk7SOXmruIz0m+2fIXaLv2SnBHEYsbvBzE7ZO6QXq7fSABWFWNnSnNu+brYHA5Dr/skV81bXgTTCw==}
    cpu: [arm64]
    os: [darwin]

  '@rspack/binding-darwin-x64@2.2.8':
    resolution: {integrity: sha512-xCVou/jJASjEAjwy1T3hPJcJqA5QZASJfUwHqEk+nA0v44MagwH8tM8lsOvRfhzR7N2+YFac1rfZOUT8uM3awg==}
    cpu: [x64]
    os: [darwin]

  '@rspack/binding-linux-arm64-gnu@2.2.8':
    resolution: {integrity: sha512-Zy/ss6YAQTjOWKDkcWrbKtu+pySltqT22wn68nlrWKygPWLNmMdU5anlsnwRTIuQ3MF0YJRS42ARauVtlqvRQw==}
    cpu: [arm64]
    os: [linux]
    libc: [glibc]

  '@rspack/binding-linux-arm64-musl@2.2.8':
    resolution: {integrity: sha512-lxgp5O8PhL3St9p82llHoNoeWzp9jltW5S9F00p00XPJZHUIuxbwfLSzn/6Wg86USEmafLoBkyD9CM8rBd3SNQ==}
    cpu: [arm64]
    os: [linux]
    libc: [musl]

  '@rspack/binding-linux-ppc64-gnu@2.2.8':
    resolution: {integrity: sha512-MY+YqpT02tcDCMgHy+IewQsaz7ql4mbJaAqqMlTIqvQwAUl9dXEP7BL352OgCxm9VRebTldE5lK99A3wVd3zqA==}
    cpu: [ppc64]
    os: [linux]
    libc: [glibc]

  '@rspack/binding-linux-riscv64-gnu@2.2.8':
    resolution: {integrity: sha512-wmN9OigSGNGCKY+AOYaWI8LJcIi8qvs5KjueBueCKOnTV6MPIEujA75QZH1pehTTYKvdGv7r2EtUXUmWpn7/SQ==}
    cpu: [riscv64]
    os: [linux]
    libc: [glibc]

  '@rspack/binding-linux-riscv64-musl@2.2.8':
    resolution: {integrity: sha512-ZcQMYR10hLh581zs9MFnFFn0F7wyt5fkDffyukeMHJEoPJrbkfl6cQtsUdpQnZ+mYGYS5KydD1DT9/eMH65jjw==}
    cpu: [riscv64]
    os: [linux]
    libc: [musl]

  '@rspack/binding-linux-s390x-gnu@2.2.8':
    resolution: {integrity: sha512-ahBiE+Ir1FMYvStYicihhSJlS2YRagxtry0jWH8zW287o7C0eiHJ+pteJHHC15T5RJqm0j6w5TuwYe+F9AYxxg==}
    cpu: [s390x]
    os: [linux]
    libc: [glibc]

  '@rspack/binding-linux-x64-gnu@2.2.8':
    resolution: {integrity: sha512-dncEI515NoPXh3zzWk06Rb3mhSV76myiFKqXiJ8K4fVAe5x/RlweMhvPhHhm7RnIMeBld7BeStzOqj38XFsWGA==}
    cpu: [x64]
    os: [linux]
    libc: [glibc]

  '@rspack/binding-linux-x64-musl@2.2.8':
    resolution: {integrity: sha512-pfFyU03PjD0GaQG8zOQOHwq51rrJZetXjTGpMmz7iA1hq/f9lChJsDWrC8/7VXeQLwBofLZlOODqe8OM8OBzgA==}
    cpu: [x64]
    os: [linux]
    libc: [musl]

  '@rspack/binding-wasm32-wasi@2.2.8':
    resolution: {integrity: sha512-3mOJuZTrF56jOh/GD9chLMJKbzPZ6Ty2OIML7+lLz0Yk2XS/xWRfLn85Dmnkb/O6UF65x7+p8VPAIZlBtLTclw==}
    cpu: [wasm32]

  '@rspack/binding-win32-arm64-msvc@2.2.8':
    resolution: {integrity: sha512-Cu/RMZT/16s+67xhl6X1pswetL3GLSQl+LnugKRh08Ul21A/tR7vxC4g4aih4u9k5SXCAngxFUt8zAjKnHIBqA==}
    cpu: [arm64]
    os: [win32]

  '@rspack/binding-win32-ia32-msvc@2.2.8':
    resolution: {integrity: sha512-H/erd6di8OapZhhM0raA/7XduPn9jusfLMeO1XF+AmF9WF3HzHgMjha1j+KwtPgQnaH69w6AhY+G2472VIwQmw==}
    cpu: [ia32]
    os: [win32]

  '@rspack/binding-win32-x64-msvc@2.2.8':
    resolution: {integrity: sha512-BziHSUlIQM0MliCqdcHuBXSkQGtPoHQTXJce7fsgnTAzQFgPeog92qTNezYI4IrQ7pQouyiVJ2HPieUbVPRKQQ==}
    cpu: [x64]
    os: [win32]

  '@rspack/binding@2.2.8':
    resolution: {integrity: sha512-c9flkSua3khHnOKBCRk8BkHGOwU9YB7niv+5JfQXiLZIvJmgKsZ7PD8QrFklMhsJT3oVAc6c9GN7/wy1YkACjA==}

  '@rspack/cli@2.2.8':
    resolution: {integrity: sha512-6f5ITncKnqXUKZVHmD3qHMVZzQz+C07oCdci+eqBwLswA3n9AhNiM0LR4Es1ai528rv5SpiUDUFulziqSEl2Cw==}
    hasBin: true
    peerDependencies:
      '@rspack/core': ^2.0.0-0
      '@rspack/dev-server': ^2.0.0-0
    peerDependenciesMeta:
      '@rspack/dev-server':
        optional: true

  '@rspack/core@2.2.8':
    resolution: {integrity: sha512-JugsVrnbMGNYzMH++7gR9enygpP/lAo9PbVRq3XmJg0ryIvCpST0XJjBcccaSjYaaPamsjrddihmgVLMFp+yXw==}
    engines: {node: ^20.19.0 || >=22.12.0}
    peerDependencies:
      '@module-federation/runtime-tools': ^0.24.1 || ^2.0.0
      '@swc/helpers': ^0.5.23
    peerDependenciesMeta:
      '@module-federation/runtime-tools':
        optional: true
      '@swc/helpers':
        optional: true

  '@rspack/dev-middleware@2.0.5':
    resolution: {integrity: sha512-e8296ZqjWTn4f8MnJmnq5Al94hxMgPEiMmwyMvbCNM6kMvFbfnG5UMOTwUljTBxiwBd6yLysGma1VDnYQaB8zg==}
    engines: {node: ^20.19.0 || >=22.12.0}
    peerDependencies:
      '@rspack/core': ^2.0.0
    peerDependenciesMeta:
      '@rspack/core':
        optional: true

  '@rspack/dev-server@2.2.1':
    resolution: {integrity: sha512-Il8HbYGK3rH5rM0XmUOsOGZVw69BKRpBZ61P28Fy8ry35CtfniDBWtbo/rvJtIT/sK0qwijmNrhF498ltsV+uA==}
    engines: {node: ^20.19.0 || >=22.12.0}
    peerDependencies:
      '@rspack/core': ^2.0.0
      selfsigned: ^5.0.0
    peerDependenciesMeta:
      selfsigned:
        optional: true

  '@tiptap/core@3.31.3':
    resolution: {integrity: sha512-Cz50pvciQrxdSxgTkHOVz0uD0Yl/8Xt0QatGD6ILm47jW8EzyHR9RkUGs/D5IqzXKuVPntfw1ttaT926vXfiRg==}
    peerDependencies:
      '@tiptap/pm': 3.31.3

  '@tiptap/extension-blockquote@3.31.3':
    resolution: {integrity: sha512-fyY2XMbyDDDfOTQ1Qdrnqa1qwC9DWE4n7AfE0EKQI0G8MfLV8RaDlLDcOZDJ9JbMPY7/Gx7EjyK4NKxSW9n2hQ==}
    peerDependencies:
      '@tiptap/core': 3.31.3
      '@tiptap/pm': 3.31.3

  '@tiptap/extension-bold@3.31.3':
    resolution: {integrity: sha512-dIuYhKk8TitKU/FeDpoTeWZhU42YgDN5npgWNjAmMmRktPdoxnH3/wGSiwXlqZgJWjehN7kPWDePWpJeAImGpQ==}
    peerDependencies:
      '@tiptap/core': 3.31.3

  '@tiptap/extension-bubble-menu@3.31.3':
    resolution: {integrity: sha512-EV6ZnwKc++2OM/OcD54n8s1B7C9LP7GKAtdEPwu0t3BYJf3sG8Ueoinf7SgGPO9oMPg96GneOkDNm1urMV167g==}
    peerDependencies:
      '@tiptap/core': 3.31.3
      '@tiptap/pm': 3.31.3

  '@tiptap/extension-bullet-list@3.31.3':
    resolution: {integrity: sha512-qEyyoPapPef4LO8XKaN83bxtaNzkJ4kFn/IxLnEKd4BJ3Mvi4MH2yJYlyDqwFnMoev4pMA1zBHRAt/C0THRmZw==}
    peerDependencies:
      '@tiptap/extension-list': 3.31.3

  '@tiptap/extension-code-block@3.31.3':
    resolution: {integrity: sha512-nvknt4FhyJQjYcvxptmeUlFsIAc8ibua3E5BN4Pim374/9RWepH4cdE9X0/qUTtguHElLx0iKtSIY3rW2qGTFA==}
    peerDependencies:
      '@tiptap/core': 3.31.3
      '@tiptap/pm': 3.31.3

  '@tiptap/extension-code@3.31.3':
    resolution: {integrity: sha512-SzxOqchrD2AcN3uT67PjKmRFEMOU3vNNiwNaamZJUbZrI6Hmy+bvdHJrc3jrIddyyCrAtsnAfRI0cmorW1jGfg==}
    peerDependencies:
      '@tiptap/core': 3.31.3

  '@tiptap/extension-document@3.31.3':
    resolution: {integrity: sha512-EexgmqnyDNyGlISxo7SMrp5MygpJYmqD+0cY5jB6L1U6L4CpKKRWUt8OO1sWzEHDE1+TTvwt+WIFoIWAziOtEA==}
    peerDependencies:
      '@tiptap/core': 3.31.3

  '@tiptap/extension-dropcursor@3.31.3':
    resolution: {integrity: sha512-NWomSfu5CSC7VacnMSDzKT8qm66SzMfZwVPEtwY5bPpRTJgTiT1rNK0neDrrzfMN27MfylGyKWWf7Q5Qf8w/fg==}
    peerDependencies:
      '@tiptap/extensions': 3.31.3

  '@tiptap/extension-floating-menu@3.31.3':
    resolution: {integrity: sha512-rd4VJ9PGSP9Eop8ZTEwaLZcMzMXLuJKe3hUNf58rq+zANpwM+9fI+vB7g9MAc3eXwUNDxNDVACFIL2oeBqpQ3A==}
    peerDependencies:
      '@floating-ui/dom': ^1.0.0
      '@tiptap/core': 3.31.3
      '@tiptap/pm': 3.31.3

  '@tiptap/extension-gapcursor@3.31.3':
    resolution: {integrity: sha512-EBXKb1FrVStsNYCcRGtd9jmzveCvR+eqgg1rVqoONrqFK6U7bga6LN+1dMKroP1kliDVgveYkP3vRYxqw+rFqg==}
    peerDependencies:
      '@tiptap/extensions': 3.31.3

  '@tiptap/extension-hard-break@3.31.3':
    resolution: {integrity: sha512-QAdCvNO4+yW9ATwsrej11NTkDYFqPLIEQr3ARNrKOK1qaiS7A0fia2SEukb/hrkP3A6mbozhoQt2r2RGUf/DpQ==}
    peerDependencies:
      '@tiptap/core': 3.31.3

  '@tiptap/extension-heading@3.31.3':
    resolution: {integrity: sha512-rk5VHMAeQcg06SLauN6EGdD2jc0O2qY8QkZYPd0LxNvLblw2BxBx+lxUQSYwLAT9Ie5914gKIK2YbRyO2Ts3ig==}
    peerDependencies:
      '@tiptap/core': 3.31.3

  '@tiptap/extension-horizontal-rule@3.31.3':
    resolution: {integrity: sha512-YnHGy2KShRwvCseAmmxl9VP7R0qaj8QMp3DA6DJWZqp7r5gLGvDkAqhedxqqefqsE4Y43hjkBdjtB9Ce78LkIw==}
    peerDependencies:
      '@tiptap/core': 3.31.3
      '@tiptap/pm': 3.31.3

  '@tiptap/extension-italic@3.31.3':
    resolution: {integrity: sha512-ibGvdvAPyfxBMUVNRI43eb9h2/Jka1MRG5GtnGqbcCX/2+Y/y0EOfFrPQPkuYphiWQYyu9+FzPKMB/pjuaLuKQ==}
    peerDependencies:
      '@tiptap/core': 3.31.3

  '@tiptap/extension-link@3.31.3':
    resolution: {integrity: sha512-986wOQzTL9Zr5lf84LCLpm+YOms8A0K39/8DVoqRfebqcOe0/eq4bnztmAlfabOd+kJY92g3AgZERFUx/w+dcw==}
    peerDependencies:
      '@tiptap/core': 3.31.3
      '@tiptap/pm': 3.31.3

  '@tiptap/extension-list-item@3.31.3':
    resolution: {integrity: sha512-4QlKOriJJMvg95QJTEsy9BUYPBQ6UvJyb8WURRwdUtQUkkqb8h32lg/eyQUv2FzW9IT1AdUyNZfVaxH64kRfQA==}
    peerDependencies:
      '@tiptap/extension-list': 3.31.3

  '@tiptap/extension-list-keymap@3.31.3':
    resolution: {integrity: sha512-If8UOEdDZbPJU6iYTvLtH6DOp2KBy6BKxg9UELL1AevVetGHEF/7lW8hP50Gn1tHMVpPRqmhSzVrJRpEJJgb/Q==}
    peerDependencies:
      '@tiptap/extension-list': 3.31.3

  '@tiptap/extension-list@3.31.3':
    resolution: {integrity: sha512-LoveGnC0FVdCV4jUNBaG1ZA+KWE07+adzV3kGy6uUYFcJEjbVUHTnPDrBOob3IwOSO3sCwIkvQb6EVYeXn/4yg==}
    peerDependencies:
      '@tiptap/core': 3.31.3
      '@tiptap/pm': 3.31.3

  '@tiptap/extension-ordered-list@3.31.3':
    resolution: {integrity: sha512-mp3g11NgA/PYu8rj7J7Ez3l4qBy6WfTSmHIG4PZvEGG5w2oUAIkgb9DU7nPPzjmeme27oazFYZw+AtZA0+u4tw==}
    peerDependencies:
      '@tiptap/extension-list': 3.31.3

  '@tiptap/extension-paragraph@3.31.3':
    resolution: {integrity: sha512-+iPku7wJfy5hbNDNLX8dveFtYVsZMmh7vztjuq8hT3mipSC4IByDehDbU8fzUCjfXiEzmI7mQn7c8LGmHULuzA==}
    peerDependencies:
      '@tiptap/core': 3.31.3

  '@tiptap/extension-strike@3.31.3':
    resolution: {integrity: sha512-G29bhKttYwcKHT+BI6emWVFol3RO/gUXxQVcmr/iT8LXXy7j8J6HFUnsKM+Kg5YlP1rxMRgsa65dbrQVahZi0A==}
    peerDependencies:
      '@tiptap/core': 3.31.3

  '@tiptap/extension-text@3.31.3':
    resolution: {integrity: sha512-gdsWtF+taeaCu6V+5Ct10fGo0ACUy1GnYtbb+mcathBt8OqbT+Ws60p/yEmKesBDz2Hn+B5IcWy6+2BBZl5ZTg==}
    peerDependencies:
      '@tiptap/core': 3.31.3

  '@tiptap/extension-underline@3.31.3':
    resolution: {integrity: sha512-HghdJaOwRqYzsAxqSyNyb+IWyOMcdCl8IoiBETA9BZCJAqdXzFLcuWp7CqCqJPam9dgkWosSoHqTCAO4nTBfpw==}
    peerDependencies:
      '@tiptap/core': 3.31.3

  '@tiptap/extensions@3.31.3':
    resolution: {integrity: sha512-8sJNPGGUe8f3aDojcOW5cfVL7I5NrBbE0UWxG08qoi9Tea6qWbvQJsCR9tsrOapr/DaLr3kpbGZ9s1gEEfcNcA==}
    peerDependencies:
      '@tiptap/core': 3.31.3
      '@tiptap/pm': 3.31.3

  '@tiptap/pm@3.31.3':
    resolution: {integrity: sha512-sZime0SWsz/k62W2WvHx5Ig7G2h7kVhrrmnqy+wEgIHfDwEfOlelRjaWCiBCFlF7dxGUntJusCh9FxlLhni0Ag==}

  '@tiptap/react@3.31.3':
    resolution: {integrity: sha512-QiwQqvaLFLm5EMFu5tg7nAgXJxCUiUTLD8EsK+TqVV5P4bqOoMOCM39khbhXTJyahCuYpiFWx5YOSDtC/JiPtg==}
    peerDependencies:
      '@tiptap/core': 3.31.3
      '@tiptap/pm': 3.31.3
      '@types/react': ^17.0.0 || ^18.0.0 || ^19.0.0
      '@types/react-dom': ^17.0.0 || ^18.0.0 || ^19.0.0
      react: ^17.0.0 || ^18.0.0 || ^19.0.0
      react-dom: ^17.0.0 || ^18.0.0 || ^19.0.0

  '@tiptap/starter-kit@3.31.3':
    resolution: {integrity: sha512-WKof9RewdmGHvWJ1wn0/HVNG2mV+HOgVRyJkKekuM9fgr6BZAAH/xZsWE1eon+94JnQ+KtK2ThydXQM/qc6b2A==}

  '@tybys/wasm-util@0.10.4':
    resolution: {integrity: sha512-W3c4gRigFS0T/Ma4qIYF3GDAc5AQdHb1yL5znJT1Zv1YaD9Kitx656wBjvr19qbiosmZT8lWDM5BEMynUqX65A==}

  '@types/pako@2.0.4':
    resolution: {integrity: sha512-VWDCbrLeVXJM9fihYodcLiIv0ku+AlOa/TQ1SvYOaBuyrSKgEcro95LJyIsJ4vSo6BXIxOKxiJAat04CmST9Fw==}

  '@types/raf@3.4.3':
    resolution: {integrity: sha512-c4YAvMedbPZ5tEyxzQdMoOhhJ4RD3rngZIdwC2/qDN3d7JpEhB6fiBRKVY1lg5B7Wk+uPBjn5f39j1/2MY1oOw==}

  '@types/react-dom@19.3.0':
    resolution: {integrity: sha512-ZI7bU42mZXXKHn/qNLEw2IrbiINU7X5+vfgdixBHkCNpYWXjKgfQ/P+uyGb5CjOLB9UcnTeg3rylQtV2hym44Q==}
    peerDependencies:
      '@types/react': ^19.3.0

  '@types/react@19.3.0':
    resolution: {integrity: sha512-N0rFCuH9YoxG9/m61l9MfpJKfmLOVU0em7ipIz6TRgSSkvReLB9vL85GB+yr8Bs5leqpvg96JSwF4ZS1s4viQg==}

  '@types/trusted-types@2.0.7':
    resolution: {integrity: sha512-ScaPdn1dQczgbl0QFTeTOmVHFULt394XJgOQNoyVhZ6r2vLnMLJfBPd53SB52T/3G36VI1/g2MZaX0cwDuXsfw==}

  '@types/use-sync-external-store@0.0.6':
    resolution: {integrity: sha512-zFDAD+tlpf2r4asuHEj0XH6pY6i0g5NeAHPn+15wk3BV6JA69eERFXC1gyGThDkVa1zCyKr5jox1+2LbV/AMLg==}

  base64-arraybuffer@1.0.2:
    resolution: {integrity: sha512-I3yl4r9QB5ZRY3XuJVEPfc2XhZO6YweFPI+UovAzn+8/hb3oJ6lnysaFcjVpkCPfVWFUDvoZ8kmVDP7WyRtYtQ==}
    engines: {node: '>= 0.6.0'}

  canvg@3.0.11:
    resolution: {integrity: sha512-5ON+q7jCTgMp9cjpu4Jo6XbvfYwSB2Ow3kzHKfIyJfaCAOHLbdKPQqGKgfED/R5B+3TFFfe8pegYA+b423SRyA==}
    engines: {node: '>=10.0.0'}

  core-js@3.50.0:
    resolution: {integrity: sha512-BRWgOLKkFeCgRudR6zrs8p9XJZcE14grzKMMssoYrk6krtuEZ7MTKPIY5RzOnqsEKIR9kst7wNzphttraT+Yqw==}

  css-line-break@2.1.0:
    resolution: {integrity: sha512-FHcKFCZcAha3LwfVBhCQbW2nCNbkZXn7KVUJcsT5/P8YmfsVja0FMPJr0B903j/E69HUphKiV9iQArX8SDYA4w==}

  csstype@3.2.3:
    resolution: {integrity: sha512-z1HGKcYy2xA8AGQfwrn0PAy+PB7X/GSj3UVJW9qKyn43xWa+gl5nXmU4qqLMRzWVLFC8KusUX8T/0kCiOYpAIQ==}

  dompurify@3.4.16:
    resolution: {integrity: sha512-sqo+pNp3qRhCIpbgRi1y8Tgk27Bo2Ry7w0dC1NBeNTdZChWjz9Xb/KOoZbRP/R6pQZ80Qw8YhXw13hWWBbMRnQ==}

  fast-equals@5.4.3:
    resolution: {integrity: sha512-8unmvA0qrfpFWBYUate9BTGtQdKHWBYt+KdAIkag7Vvxe7wz8Q2nJg7fLMC0bJqe0bjP31kca7Ckaawrs4Istg==}
    engines: {node: '>=6.0.0'}

  fast-png@6.4.0:
    resolution: {integrity: sha512-kAqZq1TlgBjZcLr5mcN6NP5Rv4V2f22z00c3g8vRrwkcqjerx7BEhPbOnWCPqaHUl2XWQBJQvOT/FQhdMT7X/Q==}

  fflate@0.8.3:
    resolution: {integrity: sha512-tbZNuJrLwGUp3zshBtdy4W+ORxZuIh8a5ilyIEQDC5rY1f3U20JMry0Ll3WBzU58EZKsEuJFXhb5gwv8CsPvgA==}

  html2canvas@1.4.1:
    resolution: {integrity: sha512-fPU6BHNpsyIhr8yyMpTLLxAbkaK8ArIBcmZIRiBLiDhjeqvXolaEmDGmELFuX9I4xDcaKKcJl+TKZLqruBbmWA==}
    engines: {node: '>=8.0.0'}

  iobuffer@5.4.0:
    resolution: {integrity: sha512-DRebOWuqDvxunfkNJAlc3IzWIPD5xVxwUNbHr7xKB8E6aLJxIPfNX3CoMJghcFjpv6RWQsrcJbghtEwSPoJqMA==}

  jspdf@4.2.1:
    resolution: {integrity: sha512-YyAXyvnmjTbR4bHQRLzex3CuINCDlQnBqoSYyjJwTP2x9jDLuKDzy7aKUl0hgx3uhcl7xzg32agn5vlie6HIlQ==}

  linkifyjs@4.3.3:
    resolution: {integrity: sha512-P8aEP5U/D1/IlTY2OeYsErdwh9bGuLE30NcXtKEjgdHcahveQoQwM2yZNsioQHsWFz0P7KKudisbrzCgR0sDHg==}

  orderedmap@2.1.1:
    resolution: {integrity: sha512-TvAWxi0nDe1j/rtMcWcIj94+Ffe6n7zhow33h40SKxmsmozs6dz/e+EajymfoFcHd7sxNn8yHM8839uixMOV6g==}

  pako@2.2.0:
    resolution: {integrity: sha512-zJq6RP/5q+TO2OpFV3FHzlPnFjmkb7Nc99a5SNjJE+uu/PkpChs+NIZSSzbBoD+6kjiISXjfYdwj1ZRQ81dz/w==}

  performance-now@2.1.0:
    resolution: {integrity: sha512-7EAHlyLHI56VEIdK57uwHdHKIaAGbnXPiw0yWbarQZOKaKpvUIgW0jWRVLiatnM+XXlSwsanIBH/hzGMJulMow==}

  prosemirror-changeset@2.4.4:
    resolution: {integrity: sha512-Gyuz9jYdrAeA9I7AholyOes9KUmv/lEwsC5O9s5xF5VB3EgTPsXMGUxz4+H1B+wKVPdZbvRcg1Cp3x8qX+8ofA==}

  prosemirror-commands@1.7.2:
    resolution: {integrity: sha512-q6Q6szxqdu9Xd6EcdKsqXghu5nQdZTpB4Q9yd04WRc7/jt763e/rT60Owh0L1GYY+T46o5rD+9lEN36dZS43tw==}

  prosemirror-dropcursor@1.8.4:
    resolution: {integrity: sha512-VmKxhcA6a+h5oPSYmfF1ZNeQqPbyYaIxqZsKqeYCyTlPtrjUgNaHL3P8vVaO19oqAV0zuaM/axkowZHrB1P3Tg==}

  prosemirror-gapcursor@1.4.1:
    resolution: {integrity: sha512-pMdYaEnjNMSwl11yjEGtgTmLkR08m/Vl+Jj443167p9eB3HVQKhYCc4gmHVDsLPODfZfjr/MmirsdyZziXbQKw==}

  prosemirror-history@1.5.1:
    resolution: {integrity: sha512-onlwnqKvgtFg6srZOmDOAhlAy1FIHQpOExORybX0S+DvJepE5tPALrB9iGet/2sqqqrelSnB10OoiOJqAvu2DA==}

  prosemirror-inputrules@1.5.1:
    resolution: {integrity: sha512-7wj4uMjKaXWAQ1CDgxNzNtR9AlsuwzHfdFH1ygEHA2KHF2DOEaXl1CJfNPAKCg9qNEh4rum975QLaCiQPyY6Fw==}

  prosemirror-keymap@1.2.3:
    resolution: {integrity: sha512-4HucRlpiLd1IPQQXNqeo81BGtkY8Ai5smHhKW9jjPKRc2wQIxksg7Hl1tTI2IfT2B/LgX6bfYvXxEpJl7aKYKw==}

  prosemirror-model@1.25.12:
    resolution: {integrity: sha512-Ue2gTmXMa7EhpLNhC7J+h4+ykD8ha12K6rrZFFKKJHBForfIStw5gJ6Zrf1mqqAa9NmpmEB4wp9bKmA4eUVjWg==}

  prosemirror-schema-list@1.5.1:
    resolution: {integrity: sha512-927lFx/uwyQaGwJxLWCZRkjXG0p48KpMj6ueoYiu4JX05GGuGcgzAy62dfiV8eFZftgyBUvLx76RsMe20fJl+Q==}

  prosemirror-state@1.4.4:
    resolution: {integrity: sha512-6jiYHH2CIGbCfnxdHbXZ12gySFY/fz/ulZE333G6bPqIZ4F+TXo9ifiR86nAHpWnfoNjOb3o5ESi7J8Uz1jXHw==}

  prosemirror-tables@1.8.5:
    resolution: {integrity: sha512-V/0cDCsHKHe/tfWkeCmthNUcEp1IVO3p6vwN8XtwE9PZQLAZJigbw3QoraAdfJPir4NKJtNvOB8oYGKRl+t0Dw==}

  prosemirror-transform@1.12.2:
    resolution: {integrity: sha512-PE/aY0HEY4zczvmqrilgkUK/WautF0chvMqkmM/iN5/aPHvwrCWaQZjS6CIZp+K84YrvPFqrL+YArrfJX8xX7g==}

  prosemirror-view@1.42.6:
    resolution: {integrity: sha512-3g25f6hKV2bBxo3puH3EcYWmmVNSH0iWmNsMVT7sugDSpA025jgpOLarcDWr39SdzPjYMaiYtRdNtXialPSjEQ==}

  raf@3.4.1:
    resolution: {integrity: sha512-Sq4CW4QhwOHE8ucn6J34MqtZCeWFP2aQSmrlroYgqAV1PjStIhJXxYuTgUIfkEk7zTLjmIjLmU5q+fbD1NnOJA==}

  react-dom@19.3.0:
    resolution: {integrity: sha512-JDk8dgif51OjFoDE70+OT9ICyYr+69HlmihNwp1+Nsfbna3t5sIiCa9ZJktDmQ4/1b/rn26hIAR2uYXDMr5r0Q==}
    peerDependencies:
      react: ^19.3.0

  react@19.3.0:
    resolution: {integrity: sha512-E8LUcbtBWt20bbl2YoHfx4ZDBdxVTfOKtCZn9cDSJ4l6/nuoApcpIBcj47t2wZoVX8g2ZHuMHbiShgCR1T5Sog==}
    engines: {node: '>=0.10.0'}

  regenerator-runtime@0.13.11:
    resolution: {integrity: sha512-kY1AZVr2Ra+t+piVaJ4gxaFaReZVH40AKNo7UCX6W+dEwBo/2oZJzqfuN1qLq1oL45o56cPaTXELwrTh8Fpggg==}

  rgbcolor@1.0.1:
    resolution: {integrity: sha512-9aZLIrhRaD97sgVhtJOW6ckOEh6/GnvQtdVNfdZ6s67+3/XwLS9lBcQYzEEhYVeUowN7pRzMLsyGhK2i/xvWbw==}
    engines: {node: '>= 0.8.15'}

  rope-sequence@1.3.4:
    resolution: {integrity: sha512-UT5EDe2cu2E/6O4igUr5PSFs23nvvukicWHx6GnOPlHAiiYbzNuCRQCuiUdHJQcqKalLKlrYJnjY0ySGsXNQXQ==}

  scheduler@0.28.0:
    resolution: {integrity: sha512-juorfCmIkIw8tT+p5BXSm6PJjQF/ycEYmKyzURCIt/RaZIhL+PulbQ9Yu2z1HdOJDdqDTlxA1+xKBmHXJsczAw==}

  stackblur-canvas@2.7.0:
    resolution: {integrity: sha512-yf7OENo23AGJhBriGx0QivY5JP6Y1HbrrDI6WLt6C5auYZXlQrheoY8hD4ibekFKz1HOfE48Ww8kMWMnJD/zcQ==}
    engines: {node: '>=0.1.14'}

  svg-pathdata@6.0.3:
    resolution: {integrity: sha512-qsjeeq5YjBZ5eMdFuUa4ZosMLxgr5RZ+F+Y1OrDhuOCEInRMA3x74XdBtggJcj9kOeInz0WE+LgCPDkZFlBYJw==}
    engines: {node: '>=12.0.0'}

  text-segmentation@1.0.3:
    resolution: {integrity: sha512-iOiPUo/BGnZ6+54OsWxZidGCsdU8YbE4PSpdPinp7DeMtUJNJBoJ/ouUSTJjHkh1KntHaltHl/gDs2FC4i5+Nw==}

  tslib@2.8.1:
    resolution: {integrity: sha512-oJFu94HQb+KVduSUQL7wnpmqnfmLsOA/nAh6b6EH0wCEoK0/mPeXU6c3wKDV83MkOuHPRHtSXKKU99IBazS/2w==}

  use-sync-external-store@1.7.0:
    resolution: {integrity: sha512-6L+EeigHMQhdaIPNIFUKwfWJSwWFQ8gJbJ2DLOs5sDIegTwR9fRxvnM3uciHKjIZhFz+KAv2emhWMRvDmMcY8A==}
    peerDependencies:
      react: ^16.8.0 || ^17.0.0 || ^18.0.0 || ^19.0.0

  utrie@1.0.2:
    resolution: {integrity: sha512-1MLa5ouZiOmQzUbjbu9VmjLzn1QLXBhwpUa7kdLUQK+KQ5KA9I1vk5U4YHe/X2Ch7PYnJfWuWT+VbuxbGwljhw==}

  w3c-keyname@2.2.8:
    resolution: {integrity: sha512-dpojBhNsCNN7T82Tm7k26A6G9ML3NkhDsnw9n/eoxSRlVBB4CEtIQ/KTCLI2Fwf3ataSXRhYFkQi3SlnFwPvPQ==}

  zustand@5.0.15:
    resolution: {integrity: sha512-MpSEjRiBkA9crSYeOUH32rJC7SVqAbm0Fqcqge/bUi2PPoLcBWKOsG+C8mevmpr8TwXHBVkChbbJiyvkE+i/3A==}
    engines: {node: '>=12.20.0'}
    peerDependencies:
      '@types/react': '>=18.0.0'
      immer: '>=9.0.6'
      react: '>=18.0.0'
      use-sync-external-store: '>=1.2.0'
    peerDependenciesMeta:
      '@types/react':
        optional: true
      immer:
        optional: true
      react:
        optional: true
      use-sync-external-store:
        optional: true

snapshots:

  '@babel/runtime@7.29.7': {}

  '@emnapi/core@1.11.3':
    dependencies:
      '@emnapi/wasi-threads': 1.2.3
      tslib: 2.8.1
    optional: true

  '@emnapi/runtime@1.11.3':
    dependencies:
      tslib: 2.8.1
    optional: true

  '@emnapi/wasi-threads@1.2.3':
    dependencies:
      tslib: 2.8.1
    optional: true

  '@floating-ui/core@1.8.0':
    dependencies:
      '@floating-ui/utils': 0.2.12
    optional: true

  '@floating-ui/dom@1.8.0':
    dependencies:
      '@floating-ui/core': 1.8.0
      '@floating-ui/utils': 0.2.12
    optional: true

  '@floating-ui/utils@0.2.12':
    optional: true

  '@napi-rs/wasm-runtime@1.1.6(@emnapi/core@1.11.3)(@emnapi/runtime@1.11.3)':
    dependencies:
      '@emnapi/core': 1.11.3
      '@emnapi/runtime': 1.11.3
      '@tybys/wasm-util': 0.10.4
    optional: true

  '@rspack/binding-darwin-arm64@2.2.8':
    optional: true

  '@rspack/binding-darwin-x64@2.2.8':
    optional: true

  '@rspack/binding-linux-arm64-gnu@2.2.8':
    optional: true

  '@rspack/binding-linux-arm64-musl@2.2.8':
    optional: true

  '@rspack/binding-linux-ppc64-gnu@2.2.8':
    optional: true

  '@rspack/binding-linux-riscv64-gnu@2.2.8':
    optional: true

  '@rspack/binding-linux-riscv64-musl@2.2.8':
    optional: true

  '@rspack/binding-linux-s390x-gnu@2.2.8':
    optional: true

  '@rspack/binding-linux-x64-gnu@2.2.8':
    optional: true

  '@rspack/binding-linux-x64-musl@2.2.8':
    optional: true

  '@rspack/binding-wasm32-wasi@2.2.8':
    dependencies:
      '@emnapi/core': 1.11.3
      '@emnapi/runtime': 1.11.3
      '@napi-rs/wasm-runtime': 1.1.6(@emnapi/core@1.11.3)(@emnapi/runtime@1.11.3)
    optional: true

  '@rspack/binding-win32-arm64-msvc@2.2.8':
    optional: true

  '@rspack/binding-win32-ia32-msvc@2.2.8':
    optional: true

  '@rspack/binding-win32-x64-msvc@2.2.8':
    optional: true

  '@rspack/binding@2.2.8':
    optionalDependencies:
      '@rspack/binding-darwin-arm64': 2.2.8
      '@rspack/binding-darwin-x64': 2.2.8
      '@rspack/binding-linux-arm64-gnu': 2.2.8
      '@rspack/binding-linux-arm64-musl': 2.2.8
      '@rspack/binding-linux-ppc64-gnu': 2.2.8
      '@rspack/binding-linux-riscv64-gnu': 2.2.8
      '@rspack/binding-linux-riscv64-musl': 2.2.8
      '@rspack/binding-linux-s390x-gnu': 2.2.8
      '@rspack/binding-linux-x64-gnu': 2.2.8
      '@rspack/binding-linux-x64-musl': 2.2.8
      '@rspack/binding-wasm32-wasi': 2.2.8
      '@rspack/binding-win32-arm64-msvc': 2.2.8
      '@rspack/binding-win32-ia32-msvc': 2.2.8
      '@rspack/binding-win32-x64-msvc': 2.2.8

  '@rspack/cli@2.2.8(@rspack/core@2.2.8)(@rspack/dev-server@2.2.1(@rspack/core@2.2.8))':
    dependencies:
      '@rspack/core': 2.2.8
    optionalDependencies:
      '@rspack/dev-server': 2.2.1(@rspack/core@2.2.8)

  '@rspack/core@2.2.8':
    dependencies:
      '@rspack/binding': 2.2.8

  '@rspack/dev-middleware@2.0.5(@rspack/core@2.2.8)':
    optionalDependencies:
      '@rspack/core': 2.2.8

  '@rspack/dev-server@2.2.1(@rspack/core@2.2.8)':
    dependencies:
      '@rspack/core': 2.2.8
      '@rspack/dev-middleware': 2.0.5(@rspack/core@2.2.8)

  '@tiptap/core@3.31.3(@tiptap/pm@3.31.3)':
    dependencies:
      '@tiptap/pm': 3.31.3

  '@tiptap/extension-blockquote@3.31.3(@tiptap/core@3.31.3(@tiptap/pm@3.31.3))(@tiptap/pm@3.31.3)':
    dependencies:
      '@tiptap/core': 3.31.3(@tiptap/pm@3.31.3)
      '@tiptap/pm': 3.31.3

  '@tiptap/extension-bold@3.31.3(@tiptap/core@3.31.3(@tiptap/pm@3.31.3))':
    dependencies:
      '@tiptap/core': 3.31.3(@tiptap/pm@3.31.3)

  '@tiptap/extension-bubble-menu@3.31.3(@tiptap/core@3.31.3(@tiptap/pm@3.31.3))(@tiptap/pm@3.31.3)':
    dependencies:
      '@floating-ui/dom': 1.8.0
      '@tiptap/core': 3.31.3(@tiptap/pm@3.31.3)
      '@tiptap/pm': 3.31.3
    optional: true

  '@tiptap/extension-bullet-list@3.31.3(@tiptap/extension-list@3.31.3(@tiptap/core@3.31.3(@tiptap/pm@3.31.3))(@tiptap/pm@3.31.3))':
    dependencies:
      '@tiptap/extension-list': 3.31.3(@tiptap/core@3.31.3(@tiptap/pm@3.31.3))(@tiptap/pm@3.31.3)

  '@tiptap/extension-code-block@3.31.3(@tiptap/core@3.31.3(@tiptap/pm@3.31.3))(@tiptap/pm@3.31.3)':
    dependencies:
      '@tiptap/core': 3.31.3(@tiptap/pm@3.31.3)
      '@tiptap/pm': 3.31.3

  '@tiptap/extension-code@3.31.3(@tiptap/core@3.31.3(@tiptap/pm@3.31.3))':
    dependencies:
      '@tiptap/core': 3.31.3(@tiptap/pm@3.31.3)

  '@tiptap/extension-document@3.31.3(@tiptap/core@3.31.3(@tiptap/pm@3.31.3))':
    dependencies:
      '@tiptap/core': 3.31.3(@tiptap/pm@3.31.3)

  '@tiptap/extension-dropcursor@3.31.3(@tiptap/extensions@3.31.3(@tiptap/core@3.31.3(@tiptap/pm@3.31.3))(@tiptap/pm@3.31.3))':
    dependencies:
      '@tiptap/extensions': 3.31.3(@tiptap/core@3.31.3(@tiptap/pm@3.31.3))(@tiptap/pm@3.31.3)

  '@tiptap/extension-floating-menu@3.31.3(@floating-ui/dom@1.8.0)(@tiptap/core@3.31.3(@tiptap/pm@3.31.3))(@tiptap/pm@3.31.3)':
    dependencies:
      '@floating-ui/dom': 1.8.0
      '@tiptap/core': 3.31.3(@tiptap/pm@3.31.3)
      '@tiptap/pm': 3.31.3
    optional: true

  '@tiptap/extension-gapcursor@3.31.3(@tiptap/extensions@3.31.3(@tiptap/core@3.31.3(@tiptap/pm@3.31.3))(@tiptap/pm@3.31.3))':
    dependencies:
      '@tiptap/extensions': 3.31.3(@tiptap/core@3.31.3(@tiptap/pm@3.31.3))(@tiptap/pm@3.31.3)

  '@tiptap/extension-hard-break@3.31.3(@tiptap/core@3.31.3(@tiptap/pm@3.31.3))':
    dependencies:
      '@tiptap/core': 3.31.3(@tiptap/pm@3.31.3)

  '@tiptap/extension-heading@3.31.3(@tiptap/core@3.31.3(@tiptap/pm@3.31.3))':
    dependencies:
      '@tiptap/core': 3.31.3(@tiptap/pm@3.31.3)

  '@tiptap/extension-horizontal-rule@3.31.3(@tiptap/core@3.31.3(@tiptap/pm@3.31.3))(@tiptap/pm@3.31.3)':
    dependencies:
      '@tiptap/core': 3.31.3(@tiptap/pm@3.31.3)
      '@tiptap/pm': 3.31.3

  '@tiptap/extension-italic@3.31.3(@tiptap/core@3.31.3(@tiptap/pm@3.31.3))':
    dependencies:
      '@tiptap/core': 3.31.3(@tiptap/pm@3.31.3)

  '@tiptap/extension-link@3.31.3(@tiptap/core@3.31.3(@tiptap/pm@3.31.3))(@tiptap/pm@3.31.3)':
    dependencies:
      '@tiptap/core': 3.31.3(@tiptap/pm@3.31.3)
      '@tiptap/pm': 3.31.3
      linkifyjs: 4.3.3

  '@tiptap/extension-list-item@3.31.3(@tiptap/extension-list@3.31.3(@tiptap/core@3.31.3(@tiptap/pm@3.31.3))(@tiptap/pm@3.31.3))':
    dependencies:
      '@tiptap/extension-list': 3.31.3(@tiptap/core@3.31.3(@tiptap/pm@3.31.3))(@tiptap/pm@3.31.3)

  '@tiptap/extension-list-keymap@3.31.3(@tiptap/extension-list@3.31.3(@tiptap/core@3.31.3(@tiptap/pm@3.31.3))(@tiptap/pm@3.31.3))':
    dependencies:
      '@tiptap/extension-list': 3.31.3(@tiptap/core@3.31.3(@tiptap/pm@3.31.3))(@tiptap/pm@3.31.3)

  '@tiptap/extension-list@3.31.3(@tiptap/core@3.31.3(@tiptap/pm@3.31.3))(@tiptap/pm@3.31.3)':
    dependencies:
      '@tiptap/core': 3.31.3(@tiptap/pm@3.31.3)
      '@tiptap/pm': 3.31.3

  '@tiptap/extension-ordered-list@3.31.3(@tiptap/extension-list@3.31.3(@tiptap/core@3.31.3(@tiptap/pm@3.31.3))(@tiptap/pm@3.31.3))':
    dependencies:
      '@tiptap/extension-list': 3.31.3(@tiptap/core@3.31.3(@tiptap/pm@3.31.3))(@tiptap/pm@3.31.3)

  '@tiptap/extension-paragraph@3.31.3(@tiptap/core@3.31.3(@tiptap/pm@3.31.3))':
    dependencies:
      '@tiptap/core': 3.31.3(@tiptap/pm@3.31.3)

  '@tiptap/extension-strike@3.31.3(@tiptap/core@3.31.3(@tiptap/pm@3.31.3))':
    dependencies:
      '@tiptap/core': 3.31.3(@tiptap/pm@3.31.3)

  '@tiptap/extension-text@3.31.3(@tiptap/core@3.31.3(@tiptap/pm@3.31.3))':
    dependencies:
      '@tiptap/core': 3.31.3(@tiptap/pm@3.31.3)

  '@tiptap/extension-underline@3.31.3(@tiptap/core@3.31.3(@tiptap/pm@3.31.3))':
    dependencies:
      '@tiptap/core': 3.31.3(@tiptap/pm@3.31.3)

  '@tiptap/extensions@3.31.3(@tiptap/core@3.31.3(@tiptap/pm@3.31.3))(@tiptap/pm@3.31.3)':
    dependencies:
      '@tiptap/core': 3.31.3(@tiptap/pm@3.31.3)
      '@tiptap/pm': 3.31.3

  '@tiptap/pm@3.31.3':
    dependencies:
      prosemirror-changeset: 2.4.4
      prosemirror-commands: 1.7.2
      prosemirror-dropcursor: 1.8.4
      prosemirror-gapcursor: 1.4.1
      prosemirror-history: 1.5.1
      prosemirror-inputrules: 1.5.1
      prosemirror-keymap: 1.2.3
      prosemirror-model: 1.25.12
      prosemirror-schema-list: 1.5.1
      prosemirror-state: 1.4.4
      prosemirror-tables: 1.8.5
      prosemirror-transform: 1.12.2
      prosemirror-view: 1.42.6

  '@tiptap/react@3.31.3(@floating-ui/dom@1.8.0)(@tiptap/core@3.31.3(@tiptap/pm@3.31.3))(@tiptap/pm@3.31.3)(@types/react-dom@19.3.0(@types/react@19.3.0))(@types/react@19.3.0)(react-dom@19.3.0(react@19.3.0))(react@19.3.0)':
    dependencies:
      '@tiptap/core': 3.31.3(@tiptap/pm@3.31.3)
      '@tiptap/pm': 3.31.3
      '@types/react': 19.3.0
      '@types/react-dom': 19.3.0(@types/react@19.3.0)
      '@types/use-sync-external-store': 0.0.6
      fast-equals: 5.4.3
      react: 19.3.0
      react-dom: 19.3.0(react@19.3.0)
      use-sync-external-store: 1.7.0(react@19.3.0)
    optionalDependencies:
      '@tiptap/extension-bubble-menu': 3.31.3(@tiptap/core@3.31.3(@tiptap/pm@3.31.3))(@tiptap/pm@3.31.3)
      '@tiptap/extension-floating-menu': 3.31.3(@floating-ui/dom@1.8.0)(@tiptap/core@3.31.3(@tiptap/pm@3.31.3))(@tiptap/pm@3.31.3)
    transitivePeerDependencies:
      - '@floating-ui/dom'

  '@tiptap/starter-kit@3.31.3':
    dependencies:
      '@tiptap/core': 3.31.3(@tiptap/pm@3.31.3)
      '@tiptap/extension-blockquote': 3.31.3(@tiptap/core@3.31.3(@tiptap/pm@3.31.3))(@tiptap/pm@3.31.3)
      '@tiptap/extension-bold': 3.31.3(@tiptap/core@3.31.3(@tiptap/pm@3.31.3))
      '@tiptap/extension-bullet-list': 3.31.3(@tiptap/extension-list@3.31.3(@tiptap/core@3.31.3(@tiptap/pm@3.31.3))(@tiptap/pm@3.31.3))
      '@tiptap/extension-code': 3.31.3(@tiptap/core@3.31.3(@tiptap/pm@3.31.3))
      '@tiptap/extension-code-block': 3.31.3(@tiptap/core@3.31.3(@tiptap/pm@3.31.3))(@tiptap/pm@3.31.3)
      '@tiptap/extension-document': 3.31.3(@tiptap/core@3.31.3(@tiptap/pm@3.31.3))
      '@tiptap/extension-dropcursor': 3.31.3(@tiptap/extensions@3.31.3(@tiptap/core@3.31.3(@tiptap/pm@3.31.3))(@tiptap/pm@3.31.3))
      '@tiptap/extension-gapcursor': 3.31.3(@tiptap/extensions@3.31.3(@tiptap/core@3.31.3(@tiptap/pm@3.31.3))(@tiptap/pm@3.31.3))
      '@tiptap/extension-hard-break': 3.31.3(@tiptap/core@3.31.3(@tiptap/pm@3.31.3))
      '@tiptap/extension-heading': 3.31.3(@tiptap/core@3.31.3(@tiptap/pm@3.31.3))
      '@tiptap/extension-horizontal-rule': 3.31.3(@tiptap/core@3.31.3(@tiptap/pm@3.31.3))(@tiptap/pm@3.31.3)
      '@tiptap/extension-italic': 3.31.3(@tiptap/core@3.31.3(@tiptap/pm@3.31.3))
      '@tiptap/extension-link': 3.31.3(@tiptap/core@3.31.3(@tiptap/pm@3.31.3))(@tiptap/pm@3.31.3)
      '@tiptap/extension-list': 3.31.3(@tiptap/core@3.31.3(@tiptap/pm@3.31.3))(@tiptap/pm@3.31.3)
      '@tiptap/extension-list-item': 3.31.3(@tiptap/extension-list@3.31.3(@tiptap/core@3.31.3(@tiptap/pm@3.31.3))(@tiptap/pm@3.31.3))
      '@tiptap/extension-list-keymap': 3.31.3(@tiptap/extension-list@3.31.3(@tiptap/core@3.31.3(@tiptap/pm@3.31.3))(@tiptap/pm@3.31.3))
      '@tiptap/extension-ordered-list': 3.31.3(@tiptap/extension-list@3.31.3(@tiptap/core@3.31.3(@tiptap/pm@3.31.3))(@tiptap/pm@3.31.3))
      '@tiptap/extension-paragraph': 3.31.3(@tiptap/core@3.31.3(@tiptap/pm@3.31.3))
      '@tiptap/extension-strike': 3.31.3(@tiptap/core@3.31.3(@tiptap/pm@3.31.3))
      '@tiptap/extension-text': 3.31.3(@tiptap/core@3.31.3(@tiptap/pm@3.31.3))
      '@tiptap/extension-underline': 3.31.3(@tiptap/core@3.31.3(@tiptap/pm@3.31.3))
      '@tiptap/extensions': 3.31.3(@tiptap/core@3.31.3(@tiptap/pm@3.31.3))(@tiptap/pm@3.31.3)
      '@tiptap/pm': 3.31.3

  '@tybys/wasm-util@0.10.4':
    dependencies:
      tslib: 2.8.1
    optional: true

  '@types/pako@2.0.4': {}

  '@types/raf@3.4.3':
    optional: true

  '@types/react-dom@19.3.0(@types/react@19.3.0)':
    dependencies:
      '@types/react': 19.3.0

  '@types/react@19.3.0':
    dependencies:
      csstype: 3.2.3

  '@types/trusted-types@2.0.7':
    optional: true

  '@types/use-sync-external-store@0.0.6': {}

  base64-arraybuffer@1.0.2:
    optional: true

  canvg@3.0.11:
    dependencies:
      '@babel/runtime': 7.29.7
      '@types/raf': 3.4.3
      core-js: 3.50.0
      raf: 3.4.1
      regenerator-runtime: 0.13.11
      rgbcolor: 1.0.1
      stackblur-canvas: 2.7.0
      svg-pathdata: 6.0.3
    optional: true

  core-js@3.50.0:
    optional: true

  css-line-break@2.1.0:
    dependencies:
      utrie: 1.0.2
    optional: true

  csstype@3.2.3: {}

  dompurify@3.4.16:
    optionalDependencies:
      '@types/trusted-types': 2.0.7
    optional: true

  fast-equals@5.4.3: {}

  fast-png@6.4.0:
    dependencies:
      '@types/pako': 2.0.4
      iobuffer: 5.4.0
      pako: 2.2.0

  fflate@0.8.3: {}

  html2canvas@1.4.1:
    dependencies:
      css-line-break: 2.1.0
      text-segmentation: 1.0.3
    optional: true

  iobuffer@5.4.0: {}

  jspdf@4.2.1:
    dependencies:
      '@babel/runtime': 7.29.7
      fast-png: 6.4.0
      fflate: 0.8.3
    optionalDependencies:
      canvg: 3.0.11
      core-js: 3.50.0
      dompurify: 3.4.16
      html2canvas: 1.4.1

  linkifyjs@4.3.3: {}

  orderedmap@2.1.1: {}

  pako@2.2.0: {}

  performance-now@2.1.0:
    optional: true

  prosemirror-changeset@2.4.4:
    dependencies:
      prosemirror-transform: 1.12.2

  prosemirror-commands@1.7.2:
    dependencies:
      prosemirror-model: 1.25.12
      prosemirror-state: 1.4.4
      prosemirror-transform: 1.12.2

  prosemirror-dropcursor@1.8.4:
    dependencies:
      prosemirror-state: 1.4.4
      prosemirror-transform: 1.12.2
      prosemirror-view: 1.42.6

  prosemirror-gapcursor@1.4.1:
    dependencies:
      prosemirror-keymap: 1.2.3
      prosemirror-model: 1.25.12
      prosemirror-state: 1.4.4
      prosemirror-view: 1.42.6

  prosemirror-history@1.5.1:
    dependencies:
      prosemirror-state: 1.4.4
      prosemirror-transform: 1.12.2
      prosemirror-view: 1.42.6
      rope-sequence: 1.3.4

  prosemirror-inputrules@1.5.1:
    dependencies:
      prosemirror-state: 1.4.4
      prosemirror-transform: 1.12.2

  prosemirror-keymap@1.2.3:
    dependencies:
      prosemirror-state: 1.4.4
      w3c-keyname: 2.2.8

  prosemirror-model@1.25.12:
    dependencies:
      orderedmap: 2.1.1

  prosemirror-schema-list@1.5.1:
    dependencies:
      prosemirror-model: 1.25.12
      prosemirror-state: 1.4.4
      prosemirror-transform: 1.12.2

  prosemirror-state@1.4.4:
    dependencies:
      prosemirror-model: 1.25.12
      prosemirror-transform: 1.12.2
      prosemirror-view: 1.42.6

  prosemirror-tables@1.8.5:
    dependencies:
      prosemirror-keymap: 1.2.3
      prosemirror-model: 1.25.12
      prosemirror-state: 1.4.4
      prosemirror-transform: 1.12.2
      prosemirror-view: 1.42.6

  prosemirror-transform@1.12.2:
    dependencies:
      prosemirror-model: 1.25.12

  prosemirror-view@1.42.6:
    dependencies:
      prosemirror-model: 1.25.12
      prosemirror-state: 1.4.4
      prosemirror-transform: 1.12.2

  raf@3.4.1:
    dependencies:
      performance-now: 2.1.0
    optional: true

  react-dom@19.3.0(react@19.3.0):
    dependencies:
      react: 19.3.0
      scheduler: 0.28.0

  react@19.3.0: {}

  regenerator-runtime@0.13.11:
    optional: true

  rgbcolor@1.0.1:
    optional: true

  rope-sequence@1.3.4: {}

  scheduler@0.28.0: {}

  stackblur-canvas@2.7.0:
    optional: true

  svg-pathdata@6.0.3:
    optional: true

  text-segmentation@1.0.3:
    dependencies:
      utrie: 1.0.2
    optional: true

  tslib@2.8.1:
    optional: true

  use-sync-external-store@1.7.0(react@19.3.0):
    dependencies:
      react: 19.3.0

  utrie@1.0.2:
    dependencies:
      base64-arraybuffer: 1.0.2
    optional: true

  w3c-keyname@2.2.8: {}

  zustand@5.0.15(@types/react@19.3.0)(react@19.3.0)(use-sync-external-store@1.7.0(react@19.3.0)):
    optionalDependencies:
      '@types/react': 19.3.0
      react: 19.3.0
      use-sync-external-store: 1.7.0(react@19.3.0)
